
Microsoft Visual Studio Solution File, Format Version 12.00
# Visual Studio Version 17
VisualStudioVersion = 17.5.002.0
MinimumVisualStudioVersion = 10.0.40219.1
Project("{2150E333-8FDC-42A3-9474-1A3956D46DE8}") = "week01", "week01", "{6AD658C3-BE29-44B3-B3AA-7C059D449CE2}"
EndProject
Project("{9A19103F-16F7-4668-BE54-9A1E7A4F7556}") = "code", "week01\code\code.csproj", "{2C930A8F-83D3-4F15-8895-A19D3FA2DF6F}"
EndProject
Project("{9A19103F-16F7-4668-BE54-9A1E7A4F7556}") = "analyze", "week01\analyze\analyze.csproj", "{6714ECBA-C297-4E12-A301-A1AD330C2190}"
EndProject
Project("{9A19103F-16F7-4668-BE54-9A1E7A4F7556}") = "teach", "week01\teach\teach.csproj", "{4300AED4-9D8E-4AE8-9A1A-2934CDC83BCF}"
EndProject
Project("{2150E333-8FDC-42A3-9474-1A3956D46DE8}") = "week06", "week06", "{9EBF5022-26C8-4C6D-8037-4BBB33D80CC9}"
EndProject
Project("{9A19103F-16F7-4668-BE54-9A1E7A4F7556}") = "code", "week06\code\code.csproj", "{C981A9AE-4A7B-4976-B4A3-575E3D8B6127}"
EndProject
Project("{2150E333-8FDC-42A3-9474-1A3956D46DE8}") = "sandbox", "sandbox", "{475FF42A-7C7C-472B-A945-B238D91EDAEA}"
EndProject
Project("{9A19103F-16F7-4668-BE54-9A1E7A4F7556}") = "sandbox_project", "sandbox\sandbox_project\sandbox_project.csproj", "{143FB6F1-1D78-453E-BF1F-3EFE5D8CAD76}"
EndProject
Project("{2150E333-8FDC-42A3-9474-1A3956D46DE8}") = "week05", "week05", "{11481372-242D-4878-955A-8CD0F8943D64}"
EndProject
Project("{9A19103F-16F7-4668-BE54-9A1E7A4F7556}") = "code", "week05\code\code.csproj", "{73DAB4FA-D462-4BCE-A0E5-5BA0A3BD3D62}"
EndProject
Project("{2150E333-8FDC-42A3-9474-1A3956D46DE8}") = "week02", "week02", "{F9333BF2-665D-4914-A15F-5A7BD1194B2D}"
EndProject
Project("{9A19103F-16F7-4668-BE54-9A1E7A4F7556}") = "learn", "week02\learn\learn.csproj", "{89969FC6-B885-43A6-AB8C-CD326C113AA4}"
EndProject
Project("{9A19103F-16F7-4668-BE54-9A1E7A4F7556}") = "code", "week02\code\code.csproj", "{7EEC222A-AC15-47D7-9E9B-970FAFD6728C}"
EndProject
Project("{9A19103F-16F7-4668-BE54-9A1E7A4F7556}") = "analyze", "week02\analyze\analyze.csproj", "{0116EC8C-96FF-45A3-96DB-BD4B55DB7415}"
EndProject
Project("{9A19103F-16F7-4668-BE54-9A1E7A4F7556}") = "teach", "week02\teach\teach.csproj", "{E625ACC3-BADC-4FF8-9C70-57E1BB091FC1}"
EndProject
Project("{2150E333-8FDC-42A3-9474-1A3956D46DE8}") = "week03", "week03", "{6208482D-56F5-463C-9493-A0C813712502}"
EndProject
Project("{9A19103F-16F7-4668-BE54-9A1E7A4F7556}") = "learn", "week03\learn\learn.csproj", "{3A6B885D-43B7-49AA-80EA-5F6CCA85D442}"
EndProject
Project("{9A19103F-16F7-4668-BE54-9A1E7A4F7556}") = "code", "week03\code\code.csproj", "{0AA98017-2798-4AE5-A72F-C5FB0F51AAE3}"
EndProject
Project("{9A19103F-16F7-4668-BE54-9A1E7A4F7556}") = "teach", "week03\teach\teach.csproj", "{97D8B123-9346-4C71-AE80-5227C42B6F4C}"
EndProject
Project("{2150E333-8FDC-42A3-9474-1A3956D46DE8}") = "week04", "week04", "{6623FFAC-3E5F-413E-8A6A-69A7A1FC64C5}"
EndProject
Project("{9A19103F-16F7-4668-BE54-9A1E7A4F7556}") = "code", "week04\code\code.csproj", "{FBAF293F-5729-4FA8-AB38-FBC2ADFF0CDC}"
EndProject
Global
	GlobalSection(SolutionConfigurationPlatforms) = preSolution
		Debug|Any CPU = Debug|Any CPU
		Release|Any CPU = Release|Any CPU
	EndGlobalSection
	GlobalSection(ProjectConfigurationPlatforms) = postSolution
		{2C930A8F-83D3-4F15-8895-A19D3FA2DF6F}.Debug|Any CPU.ActiveCfg = Debug|Any CPU
		{2C930A8F-83D3-4F15-8895-A19D3FA2DF6F}.Debug|Any CPU.Build.0 = Debug|Any CPU
		{2C930A8F-83D3-4F15-8895-A19D3FA2DF6F}.Release|Any CPU.ActiveCfg = Release|Any CPU
		{2C930A8F-83D3-4F15-8895-A19D3FA2DF6F}.Release|Any CPU.Build.0 = Release|Any CPU
		{6714ECBA-C297-4E12-A301-A1AD330C2190}.Debug|Any CPU.ActiveCfg = Debug|Any CPU
		{6714ECBA-C297-4E12-A301-A1AD330C2190}.Debug|Any CPU.Build.0 = Debug|Any CPU
		{6714ECBA-C297-4E12-A301-A1AD330C2190}.Release|Any CPU.ActiveCfg = Release|Any CPU
		{6714ECBA-C297-4E12-A301-A1AD330C2190}.Release|Any CPU.Build.0 = Release|Any CPU
		{4300AED4-9D8E-4AE8-9A1A-2934CDC83BCF}.Debug|Any CPU.ActiveCfg = Debug|Any CPU
		{4300AED4-9D8E-4AE8-9A1A-2934CDC83BCF}.Debug|Any CPU.Build.0 = Debug|Any CPU
		{4300AED4-9D8E-4AE8-9A1A-2934CDC83BCF}.Release|Any CPU.ActiveCfg = Release|Any CPU
		{4300AED4-9D8E-4AE8-9A1A-2934CDC83BCF}.Release|Any CPU.Build.0 = Release|Any CPU
		{C981A9AE-4A7B-4976-B4A3-575E3D8B6127}.Debug|Any CPU.ActiveCfg = Debug|Any CPU
		{C981A9AE-4A7B-4976-B4A3-575E3D8B6127}.Debug|Any CPU.Build.0 = Debug|Any CPU
		{C981A9AE-4A7B-4976-B4A3-575E3D8B6127}.Release|Any CPU.ActiveCfg = Release|Any CPU
		{C981A9AE-4A7B-4976-B4A3-575E3D8B6127}.Release|Any CPU.Build.0 = Release|Any CPU
		{143FB6F1-1D78-453E-BF1F-3EFE5D8CAD76}.Debug|Any CPU.ActiveCfg = Debug|Any CPU
		{143FB6F1-1D78-453E-BF1F-3EFE5D8CAD76}.Debug|Any CPU.Build.0 = Debug|Any CPU
		{143FB6F1-1D78-453E-BF1F-3EFE5D8CAD76}.Release|Any CPU.ActiveCfg = Release|Any CPU
		{143FB6F1-1D78-453E-BF1F-3EFE5D8CAD76}.Release|Any CPU.Build.0 = Release|Any CPU
		{73DAB4FA-D462-4BCE-A0E5-5BA0A3BD3D62}.Debug|Any CPU.ActiveCfg = Debug|Any CPU
		{73DAB4FA-D462-4BCE-A0E5-5BA0A3BD3D62}.Debug|Any CPU.Build.0 = Debug|Any CPU
		{73DAB4FA-D462-4BCE-A0E5-5BA0A3BD3D62}.Release|Any CPU.ActiveCfg = Release|Any CPU
		{73DAB4FA-D462-4BCE-A0E5-5BA0A3BD3D62}.Release|Any CPU.Build.0 = Release|Any CPU
		{89969FC6-B885-43A6-AB8C-CD326C113AA4}.Debug|Any CPU.ActiveCfg = Debug|Any CPU
		{89969FC6-B885-43A6-AB8C-CD326C113AA4}.Debug|Any CPU.Build.0 = Debug|Any CPU
		{89969FC6-B885-43A6-AB8C-CD326C113AA4}.Release|Any CPU.ActiveCfg = Release|Any CPU
		{89969FC6-B885-43A6-AB8C-CD326C113AA4}.Release|Any CPU.Build.0 = Release|Any CPU
		{7EEC222A-AC15-47D7-9E9B-970FAFD6728C}.Debug|Any CPU.ActiveCfg = Debug|Any CPU
		{7EEC222A-AC15-47D7-9E9B-970FAFD6728C}.Debug|Any CPU.Build.0 = Debug|Any CPU
		{7EEC222A-AC15-47D7-9E9B-970FAFD6728C}.Release|Any CPU.ActiveCfg = Release|Any CPU
		{7EEC222A-AC15-47D7-9E9B-970FAFD6728C}.Release|Any CPU.Build.0 = Release|Any CPU
		{0116EC8C-96FF-45A3-96DB-BD4B55DB7415}.Debug|Any CPU.ActiveCfg = Debug|Any CPU
		{0116EC8C-96FF-45A3-96DB-BD4B55DB7415}.Debug|Any CPU.Build.0 = Debug|Any CPU
		{0116EC8C-96FF-45A3-96DB-BD4B55DB7415}.Release|Any CPU.ActiveCfg = Release|Any CPU
		{0116EC8C-96FF-45A3-96DB-BD4B55DB7415}.Release|Any CPU.Build.0 = Release|Any CPU
		{E625ACC3-BADC-4FF8-9C70-57E1BB091FC1}.Debug|Any CPU.ActiveCfg = Debug|Any CPU
		{E625ACC3-BADC-4FF8-9C70-57E1BB091FC1}.Debug|Any CPU.Build.0 = Debug|Any CPU
		{E625ACC3-BADC-4FF8-9C70-57E1BB091FC1}.Release|Any CPU.ActiveCfg = Release|Any CPU
		{E625ACC3-BADC-4FF8-9C70-57E1BB091FC1}.Release|Any CPU.Build.0 = Release|Any CPU
		{3A6B885D-43B7-49AA-80EA-5F6CCA85D442}.Debug|Any CPU.ActiveCfg = Debug|Any CPU
		{3A6B885D-43B7-49AA-80EA-5F6CCA85D442}.Debug|Any CPU.Build.0 = Debug|Any CPU
		{3A6B885D-43B7-49AA-80EA-5F6CCA85D442}.Release|Any CPU.ActiveCfg = Release|Any CPU
		{3A6B885D-43B7-49AA-80EA-5F6CCA85D442}.Release|Any CPU.Build.0 = Release|Any CPU
		{0AA98017-2798-4AE5-A72F-C5FB0F51AAE3}.Debug|Any CPU.ActiveCfg = Debug|Any CPU
		{0AA98017-2798-4AE5-A72F-C5FB0F51AAE3}.Debug|Any CPU.Build.0 = Debug|Any CPU
		{0AA98017-2798-4AE5-A72F-C5FB0F51AAE3}.Release|Any CPU.ActiveCfg = Release|Any CPU
		{0AA98017-2798-4AE5-A72F-C5FB0F51AAE3}.Release|Any CPU.Build.0 = Release|Any CPU
		{97D8B123-9346-4C71-AE80-5227C42B6F4C}.Debug|Any CPU.ActiveCfg = Debug|Any CPU
		{97D8B123-9346-4C71-AE80-5227C42B6F4C}.Debug|Any CPU.Build.0 = Debug|Any CPU
		{97D8B123-9346-4C71-AE80-5227C42B6F4C}.Release|Any CPU.ActiveCfg = Release|Any CPU
		{97D8B123-9346-4C71-AE80-5227C42B6F4C}.Release|Any CPU.Build.0 = Release|Any CPU
		{FBAF293F-5729-4FA8-AB38-FBC2ADFF0CDC}.Debug|Any CPU.ActiveCfg = Debug|Any CPU
		{FBAF293F-5729-4FA8-AB38-FBC2ADFF0CDC}.Debug|Any CPU.Build.0 = Debug|Any CPU
		{FBAF293F-5729-4FA8-AB38-FBC2ADFF0CDC}.Release|Any CPU.ActiveCfg = Release|Any CPU
		{FBAF293F-5729-4FA8-AB38-FBC2ADFF0CDC}.Release|Any CPU.Build.0 = Release|Any CPU
	EndGlobalSection
	GlobalSection(SolutionProperties) = preSolution
		HideSolutionNode = FALSE
	EndGlobalSection
	GlobalSection(NestedProjects) = preSolution
		{2C930A8F-83D3-4F15-8895-A19D3FA2DF6F} = {6AD658C3-BE29-44B3-B3AA-7C059D449CE2}
		{6714ECBA-C297-4E12-A301-A1AD330C2190} = {6AD658C3-BE29-44B3-B3AA-7C059D449CE2}
		{4300AED4-9D8E-4AE8-9A1A-2934CDC83BCF} = {6AD658C3-BE29-44B3-B3AA-7C059D449CE2}
		{C981A9AE-4A7B-4976-B4A3-575E3D8B6127} = {9EBF5022-26C8-4C6D-8037-4BBB33D80CC9}
		{143FB6F1-1D78-453E-BF1F-3EFE5D8CAD76} = {475FF42A-7C7C-472B-A945-B238D91EDAEA}
		{73DAB4FA-D462-4BCE-A0E5-5BA0A3BD3D62} = {11481372-242D-4878-955A-8CD0F8943D64}
		{89969FC6-B885-43A6-AB8C-CD326C113AA4} = {F9333BF2-665D-4914-A15F-5A7BD1194B2D}
		{7EEC222A-AC15-47D7-9E9B-970FAFD6728C} = {F9333BF2-665D-4914-A15F-5A7BD1194B2D}
		{0116EC8C-96FF-45A3-96DB-BD4B55DB7415} = {F9333BF2-665D-4914-A15F-5A7BD1194B2D}
		{E625ACC3-BADC-4FF8-9C70-57E1BB091FC1} = {F9333BF2-665D-4914-A15F-5A7BD1194B2D}
		{3A6B885D-43B7-49AA-80EA-5F6CCA85D442} = {6208482D-56F5-463C-9493-A0C813712502}
		{0AA98017-2798-4AE5-A72F-C5FB0F51AAE3} = {6208482D-56F5-463C-9493-A0C813712502}
		{97D8B123-9346-4C71-AE80-5227C42B6F4C} = {6208482D-56F5-463C-9493-A0C813712502}
		{FBAF293F-5729-4FA8-AB38-FBC2ADFF0CDC} = {6623FFAC-3E5F-413E-8A6A-69A7A1FC64C5}
	EndGlobalSection
	GlobalSection(ExtensibilityGlobals) = postSolution
		SolutionGuid = {841C9C81-3658-431E-90B0-E206A4F3F045}
	EndGlobalSection
EndGlobal
